
Microsoft Visual Studio Solution File, Format Version 12.00
# Visual Studio Version 16
VisualStudioVersion = 16.0.30011.22
MinimumVisualStudioVersion = 10.0.40219.1
Project("{FAE04EC0-301F-11D3-BF4B-00C04F79EFBC}") = "Simulator_Gui", "Simulator_Gui\Simulator_Gui.csproj", "{04E295F4-D158-4F5F-AB96-1F474C117904}"
EndProject
Global
	GlobalSection(SolutionConfigurationPlatforms) = preSolution
		Debug|Any CPU = Debug|Any CPU
		Release|Any CPU = Release|Any CPU
	EndGlobalSection
	GlobalSection(ProjectConfigurationPlatforms) = postSolution
		{04E295F4-D158-4F5F-AB96-1F474C117904}.Debug|Any CPU.ActiveCfg = Debug|Any CPU
		{04E295F4-D158-4F5F-AB96-1F474C117904}.Debug|Any CPU.Build.0 = Debug|Any CPU
		{04E295F4-D158-4F5F-AB96-1F474C117904}.Release|Any CPU.ActiveCfg = Release|Any CPU
		{04E295F4-D158-4F5F-AB96-1F474C117904}.Release|Any CPU.Build.0 = Release|Any CPU
	EndGlobalSection
	GlobalSection(SolutionProperties) = preSolution
		HideSolutionNode = FALSE
	EndGlobalSection
	GlobalSection(ExtensibilityGlobals) = postSolution
		SolutionGuid = {B0E7AA07-566C-4DE2-850E-BD2D1355306F}
	EndGlobalSection
EndGlobal
